<?xml version="1.0" encoding="utf-8"?>
<Project ToolsVersion="4.0" xmlns="http://schemas.microsoft.com/developer/msbuild/2003">
  <ItemGroup>
    <Filter Include="Source Files">
      <UniqueIdentifier>{4FC737F1-C7A5-4376-A066-2A32D752A2FF}</UniqueIdentifier>
      <Extensions>cpp;c;cc;cxx;def;odl;idl;hpj;bat;asm;asmx</Extensions>
    </Filter>
    <Filter Include="Header Files">
      <UniqueIdentifier>{93995380-89BD-4b04-88EB-625FBE52EBFB}</UniqueIdentifier>
      <Extensions>h;hh;hpp;hxx;hm;inl;inc;xsd</Extensions>
    </Filter>
    <Filter Include="Resource Files">
      <UniqueIdentifier>{67DA6AB6-F800-4c08-8B7A-83BB121AAD01}</UniqueIdentifier>
      <Extensions>rc;ico;cur;bmp;dlg;rc2;rct;bin;rgs;gif;jpg;jpeg;jpe;resx;tiff;tif;png;wav;mfcribbon-ms</Extensions>
    </Filter>
  </ItemGroup>
  <ItemGroup>
    <ClCompile Include="FloatCrusher.cpp">
      <Filter>Source Files</Filter>
    </ClCompile>
    <ClCompile Include="FloatCrusherProc.cpp">
      <Filter>Source Files</Filter>
    </ClCompile>
    <ClCompile Include="vst2\audioeffect.cpp">
      <Filter>Source Files</Filter>
    </ClCompile>
    <ClCompile Include="vst2\audioeffectx.cpp">
      <Filter>Source Files</Filter>
    </ClCompile>
    <ClCompile Include="vst2\vstplugmain.cpp">
      <Filter>Source Files</Filter>
    </ClCompile>
  </ItemGroup>
  <ItemGroup>
    <ClInclude Include="FloatCrusher.h">
      <Filter>Header Files</Filter>
    </ClInclude>
    <ClInclude Include="vst2\aeffect.h">
      <Filter>Header Files</Filter>
    </ClInclude>
    <ClInclude Include="vst2\aeffectx.h">
      <Filter>Header Files</Filter>
    </ClInclude>
    <ClInclude Include="vst2\aeffeditor.h">
      <Filter>Header Files</Filter>
    </ClInclude>
    <ClInclude Include="vst2\audioeffect.h">
      <Filter>Header Files</Filter>
    </ClInclude>
    <ClInclude Include="vst2\audioeffectx.h">
      <Filter>Header Files</Filter>
    </ClInclude>
    <ClInclude Include="vst2\vstfxstore.h">
      <Filter>Header Files</Filter>
    </ClInclude>
  </ItemGroup>
</Project>